
Microsoft Visual Studio Solution File, Format Version 12.00
# Visual Studio Version 16
VisualStudioVersion = 16.0.31410.357
MinimumVisualStudioVersion = 10.0.40219.1
Project("{FAE04EC0-301F-11D3-BF4B-00C04F79EFBC}") = "SD-WebSite-DashBoardApi", "SD-WebSite-DashBoardApi\SD-WebSite-DashBoardApi.csproj", "{58D77C9E-6B61-44D8-B165-0791F1AEE435}"
EndProject
Global
	GlobalSection(SolutionConfigurationPlatforms) = preSolution
		Debug|Any CPU = Debug|Any CPU
		Release|Any CPU = Release|Any CPU
	EndGlobalSection
	GlobalSection(ProjectConfigurationPlatforms) = postSolution
		{58D77C9E-6B61-44D8-B165-0791F1AEE435}.Debug|Any CPU.ActiveCfg = Debug|Any CPU
		{58D77C9E-6B61-44D8-B165-0791F1AEE435}.Debug|Any CPU.Build.0 = Debug|Any CPU
		{58D77C9E-6B61-44D8-B165-0791F1AEE435}.Release|Any CPU.ActiveCfg = Release|Any CPU
		{58D77C9E-6B61-44D8-B165-0791F1AEE435}.Release|Any CPU.Build.0 = Release|Any CPU
	EndGlobalSection
	GlobalSection(SolutionProperties) = preSolution
		HideSolutionNode = FALSE
	EndGlobalSection
	GlobalSection(ExtensibilityGlobals) = postSolution
		SolutionGuid = {F9CECC23-28E6-4D92-9B57-FEAC2F0FB1BF}
	EndGlobalSection
EndGlobal
